// !$*UTF8*$!
{
	archiveVersion = 1;
	classes = {
	};
	objectVersion = 50;
	objects = {

/* Begin PBXBuildFile section */
		09C210F32110717700FE41DD /* Assets.xcassets in Resources */ = {isa = PBXBuildFile; fileRef = 09C210F22110717700FE41DD /* Assets.xcassets */; };
		09C210F92110717700FE41DD /* main.m in Sources */ = {isa = PBXBuildFile; fileRef = 09C210F82110717700FE41DD /* main.m */; };
		09C21128211071C800FE41DD /* 2.jpg in Resources */ = {isa = PBXBuildFile; fileRef = 09C21102211071C700FE41DD /* 2.jpg */; };
		09C21129211071C800FE41DD /* 1.jpg in Resources */ = {isa = PBXBuildFile; fileRef = 09C21103211071C700FE41DD /* 1.jpg */; };
		09C2112A211071C800FE41DD /* 0.jpg in Resources */ = {isa = PBXBuildFile; fileRef = 09C21104211071C700FE41DD /* 0.jpg */; };
		09C2112B211071C800FE41DD /* AppDelegate.m in Sources */ = {isa = PBXBuildFile; fileRef = 09C21105211071C700FE41DD /* AppDelegate.m */; };
		09C2112C211071C800FE41DD /* CWTableViewCell.m in Sources */ = {isa = PBXBuildFile; fileRef = 09C21107211071C800FE41DD /* CWTableViewCell.m */; };
		09C2112D211071C800FE41DD /* CWTableViewCellInfo.m in Sources */ = {isa = PBXBuildFile; fileRef = 09C21109211071C800FE41DD /* CWTableViewCellInfo.m */; };
		09C2112E211071C800FE41DD /* CWTableViewInfo.m in Sources */ = {isa = PBXBuildFile; fileRef = 09C2110B211071C800FE41DD /* CWTableViewInfo.m */; };
		09C2112F211071C800FE41DD /* TabbarController.m in Sources */ = {isa = PBXBuildFile; fileRef = 09C2110E211071C800FE41DD /* TabbarController.m */; };
		09C21130211071C800FE41DD /* NavigationController.m in Sources */ = {isa = PBXBuildFile; fileRef = 09C21112211071C800FE41DD /* NavigationController.m */; };
		09C21131211071C800FE41DD /* CWScrollView.m in Sources */ = {isa = PBXBuildFile; fileRef = 09C21113211071C800FE41DD /* CWScrollView.m */; };
		09C21132211071C800FE41DD /* NextViewController.m in Sources */ = {isa = PBXBuildFile; fileRef = 09C21116211071C800FE41DD /* NextViewController.m */; };
		09C21133211071C800FE41DD /* RightViewController.m in Sources */ = {isa = PBXBuildFile; fileRef = 09C21117211071C800FE41DD /* RightViewController.m */; };
		09C21134211071C800FE41DD /* MainViewController.m in Sources */ = {isa = PBXBuildFile; fileRef = 09C21118211071C800FE41DD /* MainViewController.m */; };
		09C21135211071C800FE41DD /* LeftViewController.m in Sources */ = {isa = PBXBuildFile; fileRef = 09C2111B211071C800FE41DD /* LeftViewController.m */; };
		09C21136211071C800FE41DD /* CWInteractiveTransition.m in Sources */ = {isa = PBXBuildFile; fileRef = 09C2111E211071C800FE41DD /* CWInteractiveTransition.m */; };
		09C21137211071C800FE41DD /* UIViewController+CWLateralSlide.m in Sources */ = {isa = PBXBuildFile; fileRef = 09C21121211071C800FE41DD /* UIViewController+CWLateralSlide.m */; };
		09C21138211071C800FE41DD /* CWLateralSlideAnimator.m in Sources */ = {isa = PBXBuildFile; fileRef = 09C21124211071C800FE41DD /* CWLateralSlideAnimator.m */; };
		09C21139211071C800FE41DD /* CWDrawerTransition.m in Sources */ = {isa = PBXBuildFile; fileRef = 09C21125211071C800FE41DD /* CWDrawerTransition.m */; };
		09C2113A211071C800FE41DD /* CWLateralSlideConfiguration.m in Sources */ = {isa = PBXBuildFile; fileRef = 09C21127211071C800FE41DD /* CWLateralSlideConfiguration.m */; };
		09C2113C211071DD00FE41DD /* Default-568h@2x.png in Resources */ = {isa = PBXBuildFile; fileRef = 09C2113B211071DD00FE41DD /* Default-568h@2x.png */; };
/* End PBXBuildFile section */

/* Begin PBXFileReference section */
		09C210E62110717700FE41DD /* CWLateralSlideDemo.app */ = {isa = PBXFileReference; explicitFileType = wrapper.application; includeInIndex = 0; path = CWLateralSlideDemo.app; sourceTree = BUILT_PRODUCTS_DIR; };
		09C210F22110717700FE41DD /* Assets.xcassets */ = {isa = PBXFileReference; lastKnownFileType = folder.assetcatalog; path = Assets.xcassets; sourceTree = "<group>"; };
		09C210F72110717700FE41DD /* Info.plist */ = {isa = PBXFileReference; lastKnownFileType = text.plist.xml; path = Info.plist; sourceTree = "<group>"; };
		09C210F82110717700FE41DD /* main.m */ = {isa = PBXFileReference; lastKnownFileType = sourcecode.c.objc; path = main.m; sourceTree = "<group>"; };
		09C21100211071C700FE41DD /* AppDelegate.h */ = {isa = PBXFileReference; fileEncoding = 4; lastKnownFileType = sourcecode.c.h; path = AppDelegate.h; sourceTree = "<group>"; };
		09C21102211071C700FE41DD /* 2.jpg */ = {isa = PBXFileReference; lastKnownFileType = image.jpeg; path = 2.jpg; sourceTree = "<group>"; };
		09C21103211071C700FE41DD /* 1.jpg */ = {isa = PBXFileReference; lastKnownFileType = image.jpeg; path = 1.jpg; sourceTree = "<group>"; };
		09C21104211071C700FE41DD /* 0.jpg */ = {isa = PBXFileReference; lastKnownFileType = image.jpeg; path = 0.jpg; sourceTree = "<group>"; };
		09C21105211071C700FE41DD /* AppDelegate.m */ = {isa = PBXFileReference; fileEncoding = 4; lastKnownFileType = sourcecode.c.objc; path = AppDelegate.m; sourceTree = "<group>"; };
		09C21107211071C800FE41DD /* CWTableViewCell.m */ = {isa = PBXFileReference; fileEncoding = 4; lastKnownFileType = sourcecode.c.objc; path = CWTableViewCell.m; sourceTree = "<group>"; };
		09C21108211071C800FE41DD /* CWTableViewInfo.h */ = {isa = PBXFileReference; fileEncoding = 4; lastKnownFileType = sourcecode.c.h; path = CWTableViewInfo.h; sourceTree = "<group>"; };
		09C21109211071C800FE41DD /* CWTableViewCellInfo.m */ = {isa = PBXFileReference; fileEncoding = 4; lastKnownFileType = sourcecode.c.objc; path = CWTableViewCellInfo.m; sourceTree = "<group>"; };
		09C2110A211071C800FE41DD /* CWTableViewCellInfo.h */ = {isa = PBXFileReference; fileEncoding = 4; lastKnownFileType = sourcecode.c.h; path = CWTableViewCellInfo.h; sourceTree = "<group>"; };
		09C2110B211071C800FE41DD /* CWTableViewInfo.m */ = {isa = PBXFileReference; fileEncoding = 4; lastKnownFileType = sourcecode.c.objc; path = CWTableViewInfo.m; sourceTree = "<group>"; };
		09C2110C211071C800FE41DD /* CWTableViewCell.h */ = {isa = PBXFileReference; fileEncoding = 4; lastKnownFileType = sourcecode.c.h; path = CWTableViewCell.h; sourceTree = "<group>"; };
		09C2110E211071C800FE41DD /* TabbarController.m */ = {isa = PBXFileReference; fileEncoding = 4; lastKnownFileType = sourcecode.c.objc; path = TabbarController.m; sourceTree = "<group>"; };
		09C2110F211071C800FE41DD /* NavigationController.h */ = {isa = PBXFileReference; fileEncoding = 4; lastKnownFileType = sourcecode.c.h; path = NavigationController.h; sourceTree = "<group>"; };
		09C21110211071C800FE41DD /* CWScrollView.h */ = {isa = PBXFileReference; fileEncoding = 4; lastKnownFileType = sourcecode.c.h; path = CWScrollView.h; sourceTree = "<group>"; };
		09C21111211071C800FE41DD /* TabbarController.h */ = {isa = PBXFileReference; fileEncoding = 4; lastKnownFileType = sourcecode.c.h; path = TabbarController.h; sourceTree = "<group>"; };
		09C21112211071C800FE41DD /* NavigationController.m */ = {isa = PBXFileReference; fileEncoding = 4; lastKnownFileType = sourcecode.c.objc; path = NavigationController.m; sourceTree = "<group>"; };
		09C21113211071C800FE41DD /* CWScrollView.m */ = {isa = PBXFileReference; fileEncoding = 4; lastKnownFileType = sourcecode.c.objc; path = CWScrollView.m; sourceTree = "<group>"; };
		09C21115211071C800FE41DD /* LeftViewController.h */ = {isa = PBXFileReference; fileEncoding = 4; lastKnownFileType = sourcecode.c.h; path = LeftViewController.h; sourceTree = "<group>"; };
		09C21116211071C800FE41DD /* NextViewController.m */ = {isa = PBXFileReference; fileEncoding = 4; lastKnownFileType = sourcecode.c.objc; path = NextViewController.m; sourceTree = "<group>"; };
		09C21117211071C800FE41DD /* RightViewController.m */ = {isa = PBXFileReference; fileEncoding = 4; lastKnownFileType = sourcecode.c.objc; path = RightViewController.m; sourceTree = "<group>"; };
		09C21118211071C800FE41DD /* MainViewController.m */ = {isa = PBXFileReference; fileEncoding = 4; lastKnownFileType = sourcecode.c.objc; path = MainViewController.m; sourceTree = "<group>"; };
		09C21119211071C800FE41DD /* RightViewController.h */ = {isa = PBXFileReference; fileEncoding = 4; lastKnownFileType = sourcecode.c.h; path = RightViewController.h; sourceTree = "<group>"; };
		09C2111A211071C800FE41DD /* NextViewController.h */ = {isa = PBXFileReference; fileEncoding = 4; lastKnownFileType = sourcecode.c.h; path = NextViewController.h; sourceTree = "<group>"; };
		09C2111B211071C800FE41DD /* LeftViewController.m */ = {isa = PBXFileReference; fileEncoding = 4; lastKnownFileType = sourcecode.c.objc; path = LeftViewController.m; sourceTree = "<group>"; };
		09C2111C211071C800FE41DD /* MainViewController.h */ = {isa = PBXFileReference; fileEncoding = 4; lastKnownFileType = sourcecode.c.h; path = MainViewController.h; sourceTree = "<group>"; };
		09C2111E211071C800FE41DD /* CWInteractiveTransition.m */ = {isa = PBXFileReference; fileEncoding = 4; lastKnownFileType = sourcecode.c.objc; path = CWInteractiveTransition.m; sourceTree = "<group>"; };
		09C2111F211071C800FE41DD /* CWDrawerTransition.h */ = {isa = PBXFileReference; fileEncoding = 4; lastKnownFileType = sourcecode.c.h; path = CWDrawerTransition.h; sourceTree = "<group>"; };
		09C21120211071C800FE41DD /* CWLateralSlideAnimator.h */ = {isa = PBXFileReference; fileEncoding = 4; lastKnownFileType = sourcecode.c.h; path = CWLateralSlideAnimator.h; sourceTree = "<group>"; };
		09C21121211071C800FE41DD /* UIViewController+CWLateralSlide.m */ = {isa = PBXFileReference; fileEncoding = 4; lastKnownFileType = sourcecode.c.objc; path = "UIViewController+CWLateralSlide.m"; sourceTree = "<group>"; };
		09C21122211071C800FE41DD /* CWLateralSlideConfiguration.h */ = {isa = PBXFileReference; fileEncoding = 4; lastKnownFileType = sourcecode.c.h; path = CWLateralSlideConfiguration.h; sourceTree = "<group>"; };
		09C21123211071C800FE41DD /* CWInteractiveTransition.h */ = {isa = PBXFileReference; fileEncoding = 4; lastKnownFileType = sourcecode.c.h; path = CWInteractiveTransition.h; sourceTree = "<group>"; };
		09C21124211071C800FE41DD /* CWLateralSlideAnimator.m */ = {isa = PBXFileReference; fileEncoding = 4; lastKnownFileType = sourcecode.c.objc; path = CWLateralSlideAnimator.m; sourceTree = "<group>"; };
		09C21125211071C800FE41DD /* CWDrawerTransition.m */ = {isa = PBXFileReference; fileEncoding = 4; lastKnownFileType = sourcecode.c.objc; path = CWDrawerTransition.m; sourceTree = "<group>"; };
		09C21126211071C800FE41DD /* UIViewController+CWLateralSlide.h */ = {isa = PBXFileReference; fileEncoding = 4; lastKnownFileType = sourcecode.c.h; path = "UIViewController+CWLateralSlide.h"; sourceTree = "<group>"; };
		09C21127211071C800FE41DD /* CWLateralSlideConfiguration.m */ = {isa = PBXFileReference; fileEncoding = 4; lastKnownFileType = sourcecode.c.objc; path = CWLateralSlideConfiguration.m; sourceTree = "<group>"; };
		09C2113B211071DD00FE41DD /* Default-568h@2x.png */ = {isa = PBXFileReference; lastKnownFileType = image.png; path = "Default-568h@2x.png"; sourceTree = "<group>"; };
/* End PBXFileReference section */

/* Begin PBXFrameworksBuildPhase section */
		09C210E32110717700FE41DD /* Frameworks */ = {
			isa = PBXFrameworksBuildPhase;
			buildActionMask = 2147483647;
			files = (
			);
			runOnlyForDeploymentPostprocessing = 0;
		};
/* End PBXFrameworksBuildPhase section */

/* Begin PBXGroup section */
		09C210DD2110717700FE41DD = {
			isa = PBXGroup;
			children = (
				09C2113B211071DD00FE41DD /* Default-568h@2x.png */,
				09C210E82110717700FE41DD /* CWLateralSlideDemo */,
				09C210E72110717700FE41DD /* Products */,
			);
			sourceTree = "<group>";
		};
		09C210E72110717700FE41DD /* Products */ = {
			isa = PBXGroup;
			children = (
				09C210E62110717700FE41DD /* CWLateralSlideDemo.app */,
			);
			name = Products;
			sourceTree = "<group>";
		};
		09C210E82110717700FE41DD /* CWLateralSlideDemo */ = {
			isa = PBXGroup;
			children = (
				09C210FF211071C700FE41DD /* Clasess */,
				09C2111D211071C800FE41DD /* CWLateralSlide */,
				09C210F22110717700FE41DD /* Assets.xcassets */,
				09C210F72110717700FE41DD /* Info.plist */,
				09C210F82110717700FE41DD /* main.m */,
			);
			path = CWLateralSlideDemo;
			sourceTree = "<group>";
		};
		09C210FF211071C700FE41DD /* Clasess */ = {
			isa = PBXGroup;
			children = (
				09C21100211071C700FE41DD /* AppDelegate.h */,
				09C21101211071C700FE41DD /* Images */,
				09C21105211071C700FE41DD /* AppDelegate.m */,
				09C21106211071C800FE41DD /* TableViewWidget */,
				09C2110D211071C800FE41DD /* Main */,
				09C21114211071C800FE41DD /* Controllers */,
			);
			path = Clasess;
			sourceTree = "<group>";
		};
		09C21101211071C700FE41DD /* Images */ = {
			isa = PBXGroup;
			children = (
				09C21102211071C700FE41DD /* 2.jpg */,
				09C21103211071C700FE41DD /* 1.jpg */,
				09C21104211071C700FE41DD /* 0.jpg */,
			);
			path = Images;
			sourceTree = "<group>";
		};
		09C21106211071C800FE41DD /* TableViewWidget */ = {
			isa = PBXGroup;
			children = (
				09C21107211071C800FE41DD /* CWTableViewCell.m */,
				09C21108211071C800FE41DD /* CWTableViewInfo.h */,
				09C21109211071C800FE41DD /* CWTableViewCellInfo.m */,
				09C2110A211071C800FE41DD /* CWTableViewCellInfo.h */,
				09C2110B211071C800FE41DD /* CWTableViewInfo.m */,
				09C2110C211071C800FE41DD /* CWTableViewCell.h */,
			);
			path = TableViewWidget;
			sourceTree = "<group>";
		};
		09C2110D211071C800FE41DD /* Main */ = {
			isa = PBXGroup;
			children = (
				09C2110E211071C800FE41DD /* TabbarController.m */,
				09C2110F211071C800FE41DD /* NavigationController.h */,
				09C21110211071C800FE41DD /* CWScrollView.h */,
				09C21111211071C800FE41DD /* TabbarController.h */,
				09C21112211071C800FE41DD /* NavigationController.m */,
				09C21113211071C800FE41DD /* CWScrollView.m */,
			);
			path = Main;
			sourceTree = "<group>";
		};
		09C21114211071C800FE41DD /* Controllers */ = {
			isa = PBXGroup;
			children = (
				09C21115211071C800FE41DD /* LeftViewController.h */,
				09C21116211071C800FE41DD /* NextViewController.m */,
				09C21117211071C800FE41DD /* RightViewController.m */,
				09C21118211071C800FE41DD /* MainViewController.m */,
				09C21119211071C800FE41DD /* RightViewController.h */,
				09C2111A211071C800FE41DD /* NextViewController.h */,
				09C2111B211071C800FE41DD /* LeftViewController.m */,
				09C2111C211071C800FE41DD /* MainViewController.h */,
			);
			path = Controllers;
			sourceTree = "<group>";
		};
		09C2111D211071C800FE41DD /* CWLateralSlide */ = {
			isa = PBXGroup;
			children = (
				09C2111E211071C800FE41DD /* CWInteractiveTransition.m */,
				09C2111F211071C800FE41DD /* CWDrawerTransition.h */,
				09C21120211071C800FE41DD /* CWLateralSlideAnimator.h */,
				09C21121211071C800FE41DD /* UIViewController+CWLateralSlide.m */,
				09C21122211071C800FE41DD /* CWLateralSlideConfiguration.h */,
				09C21123211071C800FE41DD /* CWInteractiveTransition.h */,
				09C21124211071C800FE41DD /* CWLateralSlideAnimator.m */,
				09C21125211071C800FE41DD /* CWDrawerTransition.m */,
				09C21126211071C800FE41DD /* UIViewController+CWLateralSlide.h */,
				09C21127211071C800FE41DD /* CWLateralSlideConfiguration.m */,
			);
			path = CWLateralSlide;
			sourceTree = "<group>";
		};
/* End PBXGroup section */

/* Begin PBXNativeTarget section */
		09C210E52110717700FE41DD /* CWLateralSlideDemo */ = {
			isa = PBXNativeTarget;
			buildConfigurationList = 09C210FC2110717700FE41DD /* Build configuration list for PBXNativeTarget "CWLateralSlideDemo" */;
			buildPhases = (
				09C210E22110717700FE41DD /* Sources */,
				09C210E32110717700FE41DD /* Frameworks */,
				09C210E42110717700FE41DD /* Resources */,
			);
			buildRules = (
			);
			dependencies = (
			);
			name = CWLateralSlideDemo;
			productName = CWLateralSlideDemo;
			productReference = 09C210E62110717700FE41DD /* CWLateralSlideDemo.app */;
			productType = "com.apple.product-type.application";
		};
/* End PBXNativeTarget section */

/* Begin PBXProject section */
		09C210DE2110717700FE41DD /* Project object */ = {
			isa = PBXProject;
			attributes = {
				LastUpgradeCheck = 0930;
				ORGANIZATIONNAME = sfbm;
				TargetAttributes = {
					09C210E52110717700FE41DD = {
						CreatedOnToolsVersion = 9.3;
					};
				};
			};
			buildConfigurationList = 09C210E12110717700FE41DD /* Build configuration list for PBXProject "CWLateralSlideDemo" */;
			compatibilityVersion = "Xcode 9.3";
			developmentRegion = en;
			hasScannedForEncodings = 0;
			knownRegions = (
				en,
				Base,
			);
			mainGroup = 09C210DD2110717700FE41DD;
			productRefGroup = 09C210E72110717700FE41DD /* Products */;
			projectDirPath = "";
			projectRoot = "";
			targets = (
				09C210E52110717700FE41DD /* CWLateralSlideDemo */,
			);
		};
/* End PBXProject section */

/* Begin PBXResourcesBuildPhase section */
		09C210E42110717700FE41DD /* Resources */ = {
			isa = PBXResourcesBuildPhase;
			buildActionMask = 2147483647;
			files = (
				09C2112A211071C800FE41DD /* 0.jpg in Resources */,
				09C21129211071C800FE41DD /* 1.jpg in Resources */,
				09C21128211071C800FE41DD /* 2.jpg in Resources */,
				09C2113C211071DD00FE41DD /* Default-568h@2x.png in Resources */,
				09C210F32110717700FE41DD /* Assets.xcassets in Resources */,
			);
			runOnlyForDeploymentPostprocessing = 0;
		};
/* End PBXResourcesBuildPhase section */

/* Begin PBXSourcesBuildPhase section */
		09C210E22110717700FE41DD /* Sources */ = {
			isa = PBXSourcesBuildPhase;
			buildActionMask = 2147483647;
			files = (
				09C21134211071C800FE41DD /* MainViewController.m in Sources */,
				09C21138211071C800FE41DD /* CWLateralSlideAnimator.m in Sources */,
				09C2113A211071C800FE41DD /* CWLateralSlideConfiguration.m in Sources */,
				09C21136211071C800FE41DD /* CWInteractiveTransition.m in Sources */,
				09C21137211071C800FE41DD /* UIViewController+CWLateralSlide.m in Sources */,
				09C2112E211071C800FE41DD /* CWTableViewInfo.m in Sources */,
				09C21132211071C800FE41DD /* NextViewController.m in Sources */,
				09C2112C211071C800FE41DD /* CWTableViewCell.m in Sources */,
				09C2112D211071C800FE41DD /* CWTableViewCellInfo.m in Sources */,
				09C2112B211071C800FE41DD /* AppDelegate.m in Sources */,
				09C21139211071C800FE41DD /* CWDrawerTransition.m in Sources */,
				09C21133211071C800FE41DD /* RightViewController.m in Sources */,
				09C210F92110717700FE41DD /* main.m in Sources */,
				09C21131211071C800FE41DD /* CWScrollView.m in Sources */,
				09C21135211071C800FE41DD /* LeftViewController.m in Sources */,
				09C2112F211071C800FE41DD /* TabbarController.m in Sources */,
				09C21130211071C800FE41DD /* NavigationController.m in Sources */,
			);
			runOnlyForDeploymentPostprocessing = 0;
		};
/* End PBXSourcesBuildPhase section */

/* Begin XCBuildConfiguration section */
		09C210FA2110717700FE41DD /* Debug */ = {
			isa = XCBuildConfiguration;
			buildSettings = {
				ALWAYS_SEARCH_USER_PATHS = NO;
				CLANG_ANALYZER_NONNULL = YES;
				CLANG_ANALYZER_NUMBER_OBJECT_CONVERSION = YES_AGGRESSIVE;
				CLANG_CXX_LANGUAGE_STANDARD = "gnu++14";
				CLANG_CXX_LIBRARY = "libc++";
				CLANG_ENABLE_MODULES = YES;
				CLANG_ENABLE_OBJC_ARC = YES;
				CLANG_ENABLE_OBJC_WEAK = YES;
				CLANG_WARN_BLOCK_CAPTURE_AUTORELEASING = YES;
				CLANG_WARN_BOOL_CONVERSION = YES;
				CLANG_WARN_COMMA = YES;
				CLANG_WARN_CONSTANT_CONVERSION = YES;
				CLANG_WARN_DEPRECATED_OBJC_IMPLEMENTATIONS = YES;
				CLANG_WARN_DIRECT_OBJC_ISA_USAGE = YES_ERROR;
				CLANG_WARN_DOCUMENTATION_COMMENTS = YES;
				CLANG_WARN_EMPTY_BODY = YES;
				CLANG_WARN_ENUM_CONVERSION = YES;
				CLANG_WARN_INFINITE_RECURSION = YES;
				CLANG_WARN_INT_CONVERSION = YES;
				CLANG_WARN_NON_LITERAL_NULL_CONVERSION = YES;
				CLANG_WARN_OBJC_IMPLICIT_RETAIN_SELF = YES;
				CLANG_WARN_OBJC_LITERAL_CONVERSION = YES;
				CLANG_WARN_OBJC_ROOT_CLASS = YES_ERROR;
				CLANG_WARN_RANGE_LOOP_ANALYSIS = YES;
				CLANG_WARN_STRICT_PROTOTYPES = YES;
				CLANG_WARN_SUSPICIOUS_MOVE = YES;
				CLANG_WARN_UNGUARDED_AVAILABILITY = YES_AGGRESSIVE;
				CLANG_WARN_UNREACHABLE_CODE = YES;
				CLANG_WARN__DUPLICATE_METHOD_MATCH = YES;
				CODE_SIGN_IDENTITY = "iPhone Developer";
				COPY_PHASE_STRIP = NO;
				DEBUG_INFORMATION_FORMAT = dwarf;
				ENABLE_STRICT_OBJC_MSGSEND = YES;
				ENABLE_TESTABILITY = YES;
				GCC_C_LANGUAGE_STANDARD = gnu11;
				GCC_DYNAMIC_NO_PIC = NO;
				GCC_NO_COMMON_BLOCKS = YES;
				GCC_OPTIMIZATION_LEVEL = 0;
				GCC_PREPROCESSOR_DEFINITIONS = (
					"DEBUG=1",
					"$(inherited)",
				);
				GCC_WARN_64_TO_32_BIT_CONVERSION = YES;
				GCC_WARN_ABOUT_RETURN_TYPE = YES_ERROR;
				GCC_WARN_UNDECLARED_SELECTOR = YES;
				GCC_WARN_UNINITIALIZED_AUTOS = YES_AGGRESSIVE;
				GCC_WARN_UNUSED_FUNCTION = YES;
				GCC_WARN_UNUSED_VARIABLE = YES;
				IPHONEOS_DEPLOYMENT_TARGET = 11.3;
				MTL_ENABLE_DEBUG_INFO = YES;
				ONLY_ACTIVE_ARCH = YES;
				SDKROOT = iphoneos;
			};
			name = Debug;
		};
		09C210FB2110717700FE41DD /* Release */ = {
			isa = XCBuildConfiguration;
			buildSettings = {
				ALWAYS_SEARCH_USER_PATHS = NO;
				CLANG_ANALYZER_NONNULL = YES;
				CLANG_ANALYZER_NUMBER_OBJECT_CONVERSION = YES_AGGRESSIVE;
				CLANG_CXX_LANGUAGE_STANDARD = "gnu++14";
				CLANG_CXX_LIBRARY = "libc++";
				CLANG_ENABLE_MODULES = YES;
				CLANG_ENABLE_OBJC_ARC = YES;
				CLANG_ENABLE_OBJC_WEAK = YES;
				CLANG_WARN_BLOCK_CAPTURE_AUTORELEASING = YES;
				CLANG_WARN_BOOL_CONVERSION = YES;
				CLANG_WARN_COMMA = YES;
				CLANG_WARN_CONSTANT_CONVERSION = YES;
				CLANG_WARN_DEPRECATED_OBJC_IMPLEMENTATIONS = YES;
				CLANG_WARN_DIRECT_OBJC_ISA_USAGE = YES_ERROR;
				CLANG_WARN_DOCUMENTATION_COMMENTS = YES;
				CLANG_WARN_EMPTY_BODY = YES;
				CLANG_WARN_ENUM_CONVERSION = YES;
				CLANG_WARN_INFINITE_RECURSION = YES;
				CLANG_WARN_INT_CONVERSION = YES;
				CLANG_WARN_NON_LITERAL_NULL_CONVERSION = YES;
				CLANG_WARN_OBJC_IMPLICIT_RETAIN_SELF = YES;
				CLANG_WARN_OBJC_LITERAL_CONVERSION = YES;
				CLANG_WARN_OBJC_ROOT_CLASS = YES_ERROR;
				CLANG_WARN_RANGE_LOOP_ANALYSIS = YES;
				CLANG_WARN_STRICT_PROTOTYPES = YES;
				CLANG_WARN_SUSPICIOUS_MOVE = YES;
				CLANG_WARN_UNGUARDED_AVAILABILITY = YES_AGGRESSIVE;
				CLANG_WARN_UNREACHABLE_CODE = YES;
				CLANG_WARN__DUPLICATE_METHOD_MATCH = YES;
				CODE_SIGN_IDENTITY = "iPhone Developer";
				COPY_PHASE_STRIP = NO;
				DEBUG_INFORMATION_FORMAT = "dwarf-with-dsym";
				ENABLE_NS_ASSERTIONS = NO;
				ENABLE_STRICT_OBJC_MSGSEND = YES;
				GCC_C_LANGUAGE_STANDARD = gnu11;
				GCC_NO_COMMON_BLOCKS = YES;
				GCC_WARN_64_TO_32_BIT_CONVERSION = YES;
				GCC_WARN_ABOUT_RETURN_TYPE = YES_ERROR;
				GCC_WARN_UNDECLARED_SELECTOR = YES;
				GCC_WARN_UNINITIALIZED_AUTOS = YES_AGGRESSIVE;
				GCC_WARN_UNUSED_FUNCTION = YES;
				GCC_WARN_UNUSED_VARIABLE = YES;
				IPHONEOS_DEPLOYMENT_TARGET = 11.3;
				MTL_ENABLE_DEBUG_INFO = NO;
				SDKROOT = iphoneos;
				VALIDATE_PRODUCT = YES;
			};
			name = Release;
		};
		09C210FD2110717700FE41DD /* Debug */ = {
			isa = XCBuildConfiguration;
			buildSettings = {
				ASSETCATALOG_COMPILER_APPICON_NAME = AppIcon;
				CODE_SIGN_STYLE = Automatic;
				DEVELOPMENT_TEAM = G24J6NL69S;
				INFOPLIST_FILE = CWLateralSlideDemo/Info.plist;
				LD_RUNPATH_SEARCH_PATHS = (
					"$(inherited)",
					"@executable_path/Frameworks",
				);
				PRODUCT_BUNDLE_IDENTIFIER = com.sfbm.CWLateralSlideDemo;
				PRODUCT_NAME = "$(TARGET_NAME)";
				TARGETED_DEVICE_FAMILY = "1,2";
			};
			name = Debug;
		};
		09C210FE2110717700FE41DD /* Release */ = {
			isa = XCBuildConfiguration;
			buildSettings = {
				ASSETCATALOG_COMPILER_APPICON_NAME = AppIcon;
				CODE_SIGN_STYLE = Automatic;
				DEVELOPMENT_TEAM = G24J6NL69S;
				INFOPLIST_FILE = CWLateralSlideDemo/Info.plist;
				LD_RUNPATH_SEARCH_PATHS = (
					"$(inherited)",
					"@executable_path/Frameworks",
				);
				PRODUCT_BUNDLE_IDENTIFIER = com.sfbm.CWLateralSlideDemo;
				PRODUCT_NAME = "$(TARGET_NAME)";
				TARGETED_DEVICE_FAMILY = "1,2";
			};
			name = Release;
		};
/* End XCBuildConfiguration section */

/* Begin XCConfigurationList section */
		09C210E12110717700FE41DD /* Build configuration list for PBXProject "CWLateralSlideDemo" */ = {
			isa = XCConfigurationList;
			buildConfigurations = (
				09C210FA2110717700FE41DD /* Debug */,
				09C210FB2110717700FE41DD /* Release */,
			);
			defaultConfigurationIsVisible = 0;
			defaultConfigurationName = Release;
		};
		09C210FC2110717700FE41DD /* Build configuration list for PBXNativeTarget "CWLateralSlideDemo" */ = {
			isa = XCConfigurationList;
			buildConfigurations = (
				09C210FD2110717700FE41DD /* Debug */,
				09C210FE2110717700FE41DD /* Release */,
			);
			defaultConfigurationIsVisible = 0;
			defaultConfigurationName = Release;
		};
/* End XCConfigurationList section */
	};
	rootObject = 09C210DE2110717700FE41DD /* Project object */;
}
